{
  "name": "Music Playlist Web App",
  "lockfileVersion": 3,
  "requires": true,
  "packages": {
    "": {
      "dependencies": {
        "@firecms/neat": "^0.9.0"
      }
    },
    "node_modules/@firecms/neat": {
      "version": "0.9.0",
      "resolved": "https://registry.npmjs.org/@firecms/neat/-/neat-0.9.0.tgz",
      "integrity": "sha512-9TMY4Y9IV/S+ar05lRah5fz3XffqzK1nf/Zuf2V0lm29kM0jIyOqRVSyZtzTDbrZvF5GHnLvODyjR5SkEhkNrA==",
      "license": "MIT AND Commons-Clause"
    }
  }
}
